
Microsoft Visual Studio Solution File, Format Version 12.00
# Visual Studio Version 17
VisualStudioVersion = 17.1.32407.343
MinimumVisualStudioVersion = 10.0.40219.1
Project("{9A19103F-16F7-4668-BE54-9A1E7A4F7556}") = "LetsPet_Services", "LetsPet_Servicos\LetsPet_Services.csproj", "{C57BE682-FF22-487C-B191-7AB03ED6521A}"
EndProject
Global
	GlobalSection(SolutionConfigurationPlatforms) = preSolution
		Debug|Any CPU = Debug|Any CPU
		Release|Any CPU = Release|Any CPU
	EndGlobalSection
	GlobalSection(ProjectConfigurationPlatforms) = postSolution
		{C57BE682-FF22-487C-B191-7AB03ED6521A}.Debug|Any CPU.ActiveCfg = Debug|Any CPU
		{C57BE682-FF22-487C-B191-7AB03ED6521A}.Debug|Any CPU.Build.0 = Debug|Any CPU
		{C57BE682-FF22-487C-B191-7AB03ED6521A}.Release|Any CPU.ActiveCfg = Release|Any CPU
		{C57BE682-FF22-487C-B191-7AB03ED6521A}.Release|Any CPU.Build.0 = Release|Any CPU
	EndGlobalSection
	GlobalSection(SolutionProperties) = preSolution
		HideSolutionNode = FALSE
	EndGlobalSection
	GlobalSection(ExtensibilityGlobals) = postSolution
		SolutionGuid = {C93B257F-6CD0-4722-827E-2FE808490C5A}
	EndGlobalSection
EndGlobal
